{
  "name": "rco_notifications",
  "version": "1.0.2",
  "lockfileVersion": 1,
  "requires": true,
  "dependencies": {
    "foundation-sites": {
      "version": "6.5.1",
      "resolved": "https://registry.npmjs.org/foundation-sites/-/foundation-sites-6.5.1.tgz",
      "integrity": "sha512-Z+FiBvogwIDjRlefJ5pYkVcmsGx3pbndRJ80+OvPvI9UwfKCif6YtOyTxpCjUoS3XBlOms5vYonfnasp2V2wZw=="
    },
    "phila-standards": {
      "version": "1.0.2",
      "resolved": "https://registry.npmjs.org/phila-standards/-/phila-standards-1.0.2.tgz",
      "integrity": "sha512-teOIFWgpfJTw9Z7h/eR9UrOfDT72dTS3jBjFvwHN+aAAJwo9fXcFiTUWLApp3wIW9nC63xJni4edrHkW1L++sg==",
      "requires": {
        "foundation-sites": "^6.4.3",
        "postscribe": "^2.0.8"
      }
    },
    "postscribe": {
      "version": "2.0.8",
      "resolved": "https://registry.npmjs.org/postscribe/-/postscribe-2.0.8.tgz",
      "integrity": "sha1-W3pTqtS2kLbC91gY/O/nRJD0ENU=",
      "requires": {
        "prescribe": ">=1.1.2"
      }
    },
    "prescribe": {
      "version": "1.1.3",
      "resolved": "https://registry.npmjs.org/prescribe/-/prescribe-1.1.3.tgz",
      "integrity": "sha1-jTEiRF8/uvTExYF+pSehf8gTnuY="
    }
  }
}
