{
  "name": "rco_notifications",
  "version": "1.2.0",
  "lockfileVersion": 1,
  "requires": true,
  "dependencies": {
    "foundation-sites": {
      "version": "6.4.3",
      "resolved": "https://registry.npmjs.org/foundation-sites/-/foundation-sites-6.4.3.tgz",
      "integrity": "sha1-6onrWZut9vA91SbFHwC9uUKoRPY=",
      "requires": {
        "jquery": ">=3.0.0",
        "what-input": "^4.1.3"
      }
    },
    "jquery": {
      "version": "3.4.1",
      "resolved": "https://registry.npmjs.org/jquery/-/jquery-3.4.1.tgz",
      "integrity": "sha512-36+AdBzCL+y6qjw5Tx7HgzeGCzC81MDDgaUP8ld2zhx58HdqXGoBd+tHdrBMiyjGQs0Hxs/MLZTu/eHNJJuWPw=="
    },
    "phila-standards": {
      "version": "1.1.1",
      "resolved": "https://registry.npmjs.org/phila-standards/-/phila-standards-1.1.1.tgz",
      "integrity": "sha512-SJWCe1fUzhrv9Yo7p6hpW75TTxZ7/QZUawE6uH5JK747t8alU6uslAuNRqdwuFjcO6MTaT+0LuQeef447y31Vg==",
      "requires": {
        "foundation-sites": "6.4.3",
        "postscribe": "^2.0.8"
      }
    },
    "postscribe": {
      "version": "2.0.8",
      "resolved": "https://registry.npmjs.org/postscribe/-/postscribe-2.0.8.tgz",
      "integrity": "sha1-W3pTqtS2kLbC91gY/O/nRJD0ENU=",
      "requires": {
        "prescribe": ">=1.1.2"
      }
    },
    "prescribe": {
      "version": "1.1.3",
      "resolved": "https://registry.npmjs.org/prescribe/-/prescribe-1.1.3.tgz",
      "integrity": "sha1-jTEiRF8/uvTExYF+pSehf8gTnuY="
    },
    "what-input": {
      "version": "4.3.1",
      "resolved": "https://registry.npmjs.org/what-input/-/what-input-4.3.1.tgz",
      "integrity": "sha512-7KD71RWNRWI9M08shZ8+n/2UjO5amwsG9PMSXWz0iIlH8H2DVbHE8Z2tW1RqQa0kIwdeqdUIffFz7crDfkcbAw=="
    }
  }
}
